
Microsoft Visual Studio Solution File, Format Version 12.00
# Visual Studio Version 17
VisualStudioVersion = 17.13.35825.156 d17.13
MinimumVisualStudioVersion = 10.0.40219.1
Project("{FAE04EC0-301F-11D3-BF4B-00C04F79EFBC}") = "Lexiflix", "Lexiflix\Lexiflix.csproj", "{53B4D806-4FE5-490D-90B7-2F0ED59CE8AD}"
EndProject
Global
	GlobalSection(SolutionConfigurationPlatforms) = preSolution
		Debug|Any CPU = Debug|Any CPU
		Release|Any CPU = Release|Any CPU
	EndGlobalSection
	GlobalSection(ProjectConfigurationPlatforms) = postSolution
		{53B4D806-4FE5-490D-90B7-2F0ED59CE8AD}.Debug|Any CPU.ActiveCfg = Debug|Any CPU
		{53B4D806-4FE5-490D-90B7-2F0ED59CE8AD}.Debug|Any CPU.Build.0 = Debug|Any CPU
		{53B4D806-4FE5-490D-90B7-2F0ED59CE8AD}.Release|Any CPU.ActiveCfg = Release|Any CPU
		{53B4D806-4FE5-490D-90B7-2F0ED59CE8AD}.Release|Any CPU.Build.0 = Release|Any CPU
	EndGlobalSection
	GlobalSection(SolutionProperties) = preSolution
		HideSolutionNode = FALSE
	EndGlobalSection
	GlobalSection(ExtensibilityGlobals) = postSolution
		SolutionGuid = {858B2922-B050-41AE-9188-9AC6728EC60D}
	EndGlobalSection
EndGlobal
