Microsoft Visual Studio Solution File, Format Version 12.00
# Visual Studio Version 17
VisualStudioVersion = 17.5.2.0
MinimumVisualStudioVersion = 10.0.40219.1
Project("{FAE04EC0-301F-11D3-BF4B-00C04F79EFBC}") = "Lexiflix", "Lexiflix.csproj", "{E1C9D3DD-5F39-8CC5-4B20-D92D64D543B2}"
EndProject
Global
	GlobalSection(SolutionConfigurationPlatforms) = preSolution
		Debug|Any CPU = Debug|Any CPU
		Release|Any CPU = Release|Any CPU
	EndGlobalSection
	GlobalSection(ProjectConfigurationPlatforms) = postSolution
		{E1C9D3DD-5F39-8CC5-4B20-D92D64D543B2}.Debug|Any CPU.ActiveCfg = Debug|Any CPU
		{E1C9D3DD-5F39-8CC5-4B20-D92D64D543B2}.Debug|Any CPU.Build.0 = Debug|Any CPU
		{E1C9D3DD-5F39-8CC5-4B20-D92D64D543B2}.Release|Any CPU.ActiveCfg = Release|Any CPU
		{E1C9D3DD-5F39-8CC5-4B20-D92D64D543B2}.Release|Any CPU.Build.0 = Release|Any CPU
	EndGlobalSection
	GlobalSection(SolutionProperties) = preSolution
		HideSolutionNode = FALSE
	EndGlobalSection
	GlobalSection(ExtensibilityGlobals) = postSolution
		SolutionGuid = {D020D7F7-31E3-45DA-882A-1AD558CBC735}
	EndGlobalSection
EndGlobal
